# This file is generated by running "yarn install" inside your project.
# Manual changes might be lost - proceed with caution!

__metadata:
  version: 6
  cacheKey: 8

"@reduxjs/toolkit@npm:^2.0.0-rc.3":
  version: 2.0.0-rc.3
  resolution: "@reduxjs/toolkit@npm:2.0.0-rc.3"
  dependencies:
    immer: ^10.0.3
    redux: ^5.0.0-rc.1
    redux-thunk: ^3.0.0-rc.0
    reselect: ^5.0.0-rc.1
  peerDependencies:
    react: ^16.9.0 || ^17.0.0 || ^18
    react-redux: ^7.2.1 || ^8.1.3 || ^9.0.0-rc.0
  peerDependenciesMeta:
    react:
      optional: true
    react-redux:
      optional: true
  checksum: 4ac1f1900e9d174e2736cd0378317c198129d9377d5d037323ad807972900fb1e5389b10ee78991cbf472fac7ce2c5b348d945e0fd35e689559b34b1f255edbd
  languageName: node
  linkType: hard

"@types/use-sync-external-store@npm:^0.0.3":
  version: 0.0.3
  resolution: "@types/use-sync-external-store@npm:0.0.3"
  checksum: 161ddb8eec5dbe7279ac971531217e9af6b99f7783213566d2b502e2e2378ea19cf5e5ea4595039d730aa79d3d35c6567d48599f69773a02ffcff1776ec2a44e
  languageName: node
  linkType: hard

"callsites@npm:~4.0.0":
  version: 4.0.0
  resolution: "callsites@npm:4.0.0"
  checksum: ad3c3a57328a539c0d671cf1ca500abf09461b762807fc545a132026bdf87705fee9c299e1adb38b133c29201a3b04fbf4f2b90d8fa1d9e00ef507e803737cf2
  languageName: node
  linkType: hard

"dual-module-test@workspace:.":
  version: 0.0.0-use.local
  resolution: "dual-module-test@workspace:."
  dependencies:
    "@reduxjs/toolkit": ^2.0.0-rc.3
    react: ^18.2.0
    react-dom: ^18.2.0
    react-redux: ^9.0.0-rc.0
    resolve-esm: ^1.4.0
  languageName: unknown
  linkType: soft

"immer@npm:^10.0.3":
  version: 10.0.3
  resolution: "immer@npm:10.0.3"
  checksum: 76acabe6f40e752028313762ba477a5d901e57b669f3b8fb406b87b9bb9b14e663a6fbbf5a6d1ab323737dd38f4b2494a4e28002045b88948da8dbf482309f28
  languageName: node
  linkType: hard

"js-tokens@npm:^3.0.0 || ^4.0.0":
  version: 4.0.0
  resolution: "js-tokens@npm:4.0.0"
  checksum: 8a95213a5a77deb6cbe94d86340e8d9ace2b93bc367790b260101d2f36a2eaf4e4e22d9fa9cf459b38af3a32fb4190e638024cf82ec95ef708680e405ea7cc78
  languageName: node
  linkType: hard

"loose-envify@npm:^1.1.0":
  version: 1.4.0
  resolution: "loose-envify@npm:1.4.0"
  dependencies:
    js-tokens: ^3.0.0 || ^4.0.0
  bin:
    loose-envify: cli.js
  checksum: 6517e24e0cad87ec9888f500c5b5947032cdfe6ef65e1c1936a0c48a524b81e65542c9c3edc91c97d5bddc806ee2a985dbc79be89215d613b1de5db6d1cfe6f4
  languageName: node
  linkType: hard

"react-dom@npm:^18.2.0":
  version: 18.2.0
  resolution: "react-dom@npm:18.2.0"
  dependencies:
    loose-envify: ^1.1.0
    scheduler: ^0.23.0
  peerDependencies:
    react: ^18.2.0
  checksum: 7d323310bea3a91be2965f9468d552f201b1c27891e45ddc2d6b8f717680c95a75ae0bc1e3f5cf41472446a2589a75aed4483aee8169287909fcd59ad149e8cc
  languageName: node
  linkType: hard

"react-redux@npm:^9.0.0-rc.0":
  version: 9.0.0-rc.0
  resolution: "react-redux@npm:9.0.0-rc.0"
  dependencies:
    "@types/use-sync-external-store": ^0.0.3
    use-sync-external-store: ^1.0.0
  peerDependencies:
    "@types/react": ^18.0
    "@types/react-dom": ^18.0
    react: ^18.0
    react-dom: ^18.0
    react-native: ">=0.71"
    redux: ^5.0.0-rc.0
  peerDependenciesMeta:
    "@types/react":
      optional: true
    "@types/react-dom":
      optional: true
    react-dom:
      optional: true
    react-native:
      optional: true
    redux:
      optional: true
  checksum: 7acc5760b7a4f6e43fb08d8e2ba4bf67638a604c15974e58c1597c37b0b55ee96db89c54bfc753c915a48081684f2051606fe430556cdf83204cceed3aaa64a3
  languageName: node
  linkType: hard

"react@npm:^18.2.0":
  version: 18.2.0
  resolution: "react@npm:18.2.0"
  dependencies:
    loose-envify: ^1.1.0
  checksum: 88e38092da8839b830cda6feef2e8505dec8ace60579e46aa5490fc3dc9bba0bd50336507dc166f43e3afc1c42939c09fe33b25fae889d6f402721dcd78fca1b
  languageName: node
  linkType: hard

"redux-thunk@npm:^3.0.0-rc.0":
  version: 3.0.0-rc.0
  resolution: "redux-thunk@npm:3.0.0-rc.0"
  peerDependencies:
    redux: ^5.0.0-rc.0
  checksum: d56a4bb700c742294496699366090bad22d13112cacc16b4858321cb6d88e05dcbab3c0f0d3b34848bbfedf4a04cdcc1b999e6cfdf7a9af713018fe35a35016e
  languageName: node
  linkType: hard

"redux@npm:^5.0.0-rc.1":
  version: 5.0.0-rc.1
  resolution: "redux@npm:5.0.0-rc.1"
  checksum: e3a26c5df84fb5705c82e17ca59c19374e3da3e87e5582201ca9b727e2569671bc1f01d738044f34bf38baaa296646a42714207a3dbc83d92ddf186ee0fc21c8
  languageName: node
  linkType: hard

"reselect@npm:^5.0.0-rc.1":
  version: 5.0.0-rc.1
  resolution: "reselect@npm:5.0.0-rc.1"
  checksum: 214254264b576dbf2558e66e43f8a97773e9d30f92911ec095feefd915cec82d0109a69a3cbbd5e38eb020e2819a2039c3eea7b2498c4933f438bfcade122165
  languageName: node
  linkType: hard

"resolve-esm@npm:^1.4.0":
  version: 1.4.0
  resolution: "resolve-esm@npm:1.4.0"
  dependencies:
    callsites: ~4.0.0
  checksum: f0e1fad4c49abe41012ec9f59958d9d8d356b12c92a784765b6d69f8dccd07a609656f83a86278c76b579a953b02b893d3c3ea7c2ad2be607b15d7f0c942b8f8
  languageName: node
  linkType: hard

"scheduler@npm:^0.23.0":
  version: 0.23.0
  resolution: "scheduler@npm:0.23.0"
  dependencies:
    loose-envify: ^1.1.0
  checksum: d79192eeaa12abef860c195ea45d37cbf2bbf5f66e3c4dcd16f54a7da53b17788a70d109ee3d3dde1a0fd50e6a8fc171f4300356c5aee4fc0171de526bf35f8a
  languageName: node
  linkType: hard

"use-sync-external-store@npm:^1.0.0":
  version: 1.2.0
  resolution: "use-sync-external-store@npm:1.2.0"
  peerDependencies:
    react: ^16.8.0 || ^17.0.0 || ^18.0.0
  checksum: 5c639e0f8da3521d605f59ce5be9e094ca772bd44a4ce7322b055a6f58eeed8dda3c94cabd90c7a41fb6fa852210092008afe48f7038792fd47501f33299116a
  languageName: node
  linkType: hard
