# This file is generated by running "yarn install" inside your project.
# Manual changes might be lost - proceed with caution!

__metadata:
  version: 8
  cacheKey: 10

"@reduxjs/toolkit@npm:^2.0.0-rc.3":
  version: 2.0.0-rc.3
  resolution: "@reduxjs/toolkit@npm:2.0.0-rc.3"
  dependencies:
    immer: "npm:^10.0.3"
    redux: "npm:^5.0.0-rc.1"
    redux-thunk: "npm:^3.0.0-rc.0"
    reselect: "npm:^5.0.0-rc.1"
  peerDependencies:
    react: ^16.9.0 || ^17.0.0 || ^18
    react-redux: ^7.2.1 || ^8.1.3 || ^9.0.0-rc.0
  peerDependenciesMeta:
    react:
      optional: true
    react-redux:
      optional: true
  checksum: 10/edbb642fd62b2c0da1952fca911bdea32c00c9dad7e4537c2467330ce37ab5f98afa5ad080456c4f19faf131986fd78f5242bd06517b25fc1e55afbdd388d300
  languageName: node
  linkType: hard

"@types/use-sync-external-store@npm:^0.0.3":
  version: 0.0.3
  resolution: "@types/use-sync-external-store@npm:0.0.3"
  checksum: 10/161ddb8eec5dbe7279ac971531217e9af6b99f7783213566d2b502e2e2378ea19cf5e5ea4595039d730aa79d3d35c6567d48599f69773a02ffcff1776ec2a44e
  languageName: node
  linkType: hard

"callsites@npm:~4.0.0":
  version: 4.0.0
  resolution: "callsites@npm:4.0.0"
  checksum: 10/ad3c3a57328a539c0d671cf1ca500abf09461b762807fc545a132026bdf87705fee9c299e1adb38b133c29201a3b04fbf4f2b90d8fa1d9e00ef507e803737cf2
  languageName: node
  linkType: hard

"dual-module-test@workspace:.":
  version: 0.0.0-use.local
  resolution: "dual-module-test@workspace:."
  dependencies:
    "@reduxjs/toolkit": "npm:^2.0.0-rc.3"
    react: "npm:^18.2.0"
    react-dom: "npm:^18.2.0"
    react-redux: "npm:^9.0.0-rc.0"
    resolve-esm: "npm:^1.4.0"
  languageName: unknown
  linkType: soft

"immer@npm:^10.0.3":
  version: 10.0.3
  resolution: "immer@npm:10.0.3"
  checksum: 10/0be07be2f278bd1988112613648e0cf9a64fc316d5b4817f273b519fbfed0f1714275b041911f0b8c560c199b2e3430824ce620c23262c96c9d4efc9909ff1cc
  languageName: node
  linkType: hard

"js-tokens@npm:^3.0.0 || ^4.0.0":
  version: 4.0.0
  resolution: "js-tokens@npm:4.0.0"
  checksum: 10/af37d0d913fb56aec6dc0074c163cc71cd23c0b8aad5c2350747b6721d37ba118af35abdd8b33c47ec2800de07dedb16a527ca9c530ee004093e04958bd0cbf2
  languageName: node
  linkType: hard

"loose-envify@npm:^1.1.0":
  version: 1.4.0
  resolution: "loose-envify@npm:1.4.0"
  dependencies:
    js-tokens: "npm:^3.0.0 || ^4.0.0"
  bin:
    loose-envify: cli.js
  checksum: 10/6517e24e0cad87ec9888f500c5b5947032cdfe6ef65e1c1936a0c48a524b81e65542c9c3edc91c97d5bddc806ee2a985dbc79be89215d613b1de5db6d1cfe6f4
  languageName: node
  linkType: hard

"react-dom@npm:^18.2.0":
  version: 18.2.0
  resolution: "react-dom@npm:18.2.0"
  dependencies:
    loose-envify: "npm:^1.1.0"
    scheduler: "npm:^0.23.0"
  peerDependencies:
    react: ^18.2.0
  checksum: 10/ca5e7762ec8c17a472a3605b6f111895c9f87ac7d43a610ab7024f68cd833d08eda0625ce02ec7178cc1f3c957cf0b9273cdc17aa2cd02da87544331c43b1d21
  languageName: node
  linkType: hard

"react-redux@npm:^9.0.0-rc.0":
  version: 9.0.0-rc.0
  resolution: "react-redux@npm:9.0.0-rc.0"
  dependencies:
    "@types/use-sync-external-store": "npm:^0.0.3"
    use-sync-external-store: "npm:^1.0.0"
  peerDependencies:
    "@types/react": ^18.0
    "@types/react-dom": ^18.0
    react: ^18.0
    react-dom: ^18.0
    react-native: ">=0.71"
    redux: ^5.0.0-rc.0
  peerDependenciesMeta:
    "@types/react":
      optional: true
    "@types/react-dom":
      optional: true
    react-dom:
      optional: true
    react-native:
      optional: true
    redux:
      optional: true
  checksum: 10/40738b44857466d69644302b167125fe39a06476221de705ad2c5a66d6c9a9bfb64de871dd61fed4b17cb9e0a833bc57c976307719b7b862c187e91a1e6d65c0
  languageName: node
  linkType: hard

"react@npm:^18.2.0":
  version: 18.2.0
  resolution: "react@npm:18.2.0"
  dependencies:
    loose-envify: "npm:^1.1.0"
  checksum: 10/b9214a9bd79e99d08de55f8bef2b7fc8c39630be97c4e29d7be173d14a9a10670b5325e94485f74cd8bff4966ef3c78ee53c79a7b0b9b70cba20aa8973acc694
  languageName: node
  linkType: hard

"redux-thunk@npm:^3.0.0-rc.0":
  version: 3.0.0-rc.0
  resolution: "redux-thunk@npm:3.0.0-rc.0"
  peerDependencies:
    redux: ^5.0.0-rc.0
  checksum: 10/24ddf5ebfd372b548b16b8d05e57ff01d6d7c01bafb58d7122bb0c0415668949f7529f047443cee50892495e019ffb4c10562ac2509699ef337c416e5d1332fe
  languageName: node
  linkType: hard

"redux@npm:^5.0.0-rc.1":
  version: 5.0.0-rc.1
  resolution: "redux@npm:5.0.0-rc.1"
  checksum: 10/34a91d79ba9019fc4a0536bae14a6a74d3dd710fe39ec0cb9a84a48e24d46e8edf632d24f1d42c168c8afbd90b3e3ff0adcb844a344e3adac2743d0638cb7548
  languageName: node
  linkType: hard

"reselect@npm:^5.0.0-rc.1":
  version: 5.0.0-rc.1
  resolution: "reselect@npm:5.0.0-rc.1"
  checksum: 10/c3458fef3935ac9aa69848d6a67b26684ea6fcda42ddacb12b0b2aea69dddfd77e9cd8be518cbf85db338e98856c3c549299b934ed8605e2b9c5cc844e30082f
  languageName: node
  linkType: hard

"resolve-esm@npm:^1.4.0":
  version: 1.4.0
  resolution: "resolve-esm@npm:1.4.0"
  dependencies:
    callsites: "npm:~4.0.0"
  checksum: 10/89b6657f5a0c6c4420db1452691f04f84c4981b0369c67551260e139ddc37320f18a8c8cab82a8b8a22bfb04726a7dc23d527ff6514da50a5179189e4c3970a8
  languageName: node
  linkType: hard

"scheduler@npm:^0.23.0":
  version: 0.23.0
  resolution: "scheduler@npm:0.23.0"
  dependencies:
    loose-envify: "npm:^1.1.0"
  checksum: 10/0c4557aa37bafca44ff21dc0ea7c92e2dbcb298bc62eae92b29a39b029134f02fb23917d6ebc8b1fa536b4184934314c20d8864d156a9f6357f3398aaf7bfda8
  languageName: node
  linkType: hard

"use-sync-external-store@npm:^1.0.0":
  version: 1.2.0
  resolution: "use-sync-external-store@npm:1.2.0"
  peerDependencies:
    react: ^16.8.0 || ^17.0.0 || ^18.0.0
  checksum: 10/a676216affc203876bd47981103f201f28c2731361bb186367e12d287a7566763213a8816910c6eb88265eccd4c230426eb783d64c373c4a180905be8820ed8e
  languageName: node
  linkType: hard
