# This file is generated by running "yarn install" inside your project.
# Manual changes might be lost - proceed with caution!

__metadata:
  version: 6
  cacheKey: 8

"@reduxjs/toolkit@npm:^2.0.0-beta.2":
  version: 2.0.0-beta.2
  resolution: "@reduxjs/toolkit@npm:2.0.0-beta.2"
  dependencies:
    immer: ^10.0.2
    redux: ^5.0.0-beta.0
    redux-thunk: ^3.0.0-beta.0
    reselect: ^5.0.0-alpha.2
  peerDependencies:
    react: ^16.9.0 || ^17.0.0 || ^18
    react-redux: ^7.2.1 || ^8.0.2 || ^9.0.0-alpha.1
  peerDependenciesMeta:
    react:
      optional: true
    react-redux:
      optional: true
  checksum: 340b515190ba23785464aab85141e49e57a924cde8a335a8df789f1b212cb59fb35e7d8e241bbac9f6e27d17c5236d440aca6f7a7bb2fa36228e0c111c7ec768
  languageName: node
  linkType: hard

"@types/use-sync-external-store@npm:^0.0.3":
  version: 0.0.3
  resolution: "@types/use-sync-external-store@npm:0.0.3"
  checksum: 161ddb8eec5dbe7279ac971531217e9af6b99f7783213566d2b502e2e2378ea19cf5e5ea4595039d730aa79d3d35c6567d48599f69773a02ffcff1776ec2a44e
  languageName: node
  linkType: hard

"callsites@npm:~4.0.0":
  version: 4.0.0
  resolution: "callsites@npm:4.0.0"
  checksum: ad3c3a57328a539c0d671cf1ca500abf09461b762807fc545a132026bdf87705fee9c299e1adb38b133c29201a3b04fbf4f2b90d8fa1d9e00ef507e803737cf2
  languageName: node
  linkType: hard

"dual-module-test@workspace:.":
  version: 0.0.0-use.local
  resolution: "dual-module-test@workspace:."
  dependencies:
    "@reduxjs/toolkit": ^2.0.0-beta.2
    react: ^18.2.0
    react-dom: ^18.2.0
    react-redux: ^9.0.0-alpha.1
    resolve-esm: ^1.4.0
  languageName: unknown
  linkType: soft

"immer@npm:^10.0.2":
  version: 10.0.2
  resolution: "immer@npm:10.0.2"
  checksum: 525a3b14210d02ae420c3b9f6ca14f7e9bcf625611d1356e773e7739f14c7c8de50dac442e6c7de3a6e24a782f7b792b6b8666bc0b3f00269d21a95f8f68ca84
  languageName: node
  linkType: hard

"js-tokens@npm:^3.0.0 || ^4.0.0":
  version: 4.0.0
  resolution: "js-tokens@npm:4.0.0"
  checksum: 8a95213a5a77deb6cbe94d86340e8d9ace2b93bc367790b260101d2f36a2eaf4e4e22d9fa9cf459b38af3a32fb4190e638024cf82ec95ef708680e405ea7cc78
  languageName: node
  linkType: hard

"loose-envify@npm:^1.1.0":
  version: 1.4.0
  resolution: "loose-envify@npm:1.4.0"
  dependencies:
    js-tokens: ^3.0.0 || ^4.0.0
  bin:
    loose-envify: cli.js
  checksum: 6517e24e0cad87ec9888f500c5b5947032cdfe6ef65e1c1936a0c48a524b81e65542c9c3edc91c97d5bddc806ee2a985dbc79be89215d613b1de5db6d1cfe6f4
  languageName: node
  linkType: hard

"react-dom@npm:^18.2.0":
  version: 18.2.0
  resolution: "react-dom@npm:18.2.0"
  dependencies:
    loose-envify: ^1.1.0
    scheduler: ^0.23.0
  peerDependencies:
    react: ^18.2.0
  checksum: 7d323310bea3a91be2965f9468d552f201b1c27891e45ddc2d6b8f717680c95a75ae0bc1e3f5cf41472446a2589a75aed4483aee8169287909fcd59ad149e8cc
  languageName: node
  linkType: hard

"react-is@npm:^18.0.0":
  version: 18.2.0
  resolution: "react-is@npm:18.2.0"
  checksum: e72d0ba81b5922759e4aff17e0252bd29988f9642ed817f56b25a3e217e13eea8a7f2322af99a06edb779da12d5d636e9fda473d620df9a3da0df2a74141d53e
  languageName: node
  linkType: hard

"react-redux@npm:^9.0.0-alpha.1":
  version: 9.0.0-alpha.1
  resolution: "react-redux@npm:9.0.0-alpha.1"
  dependencies:
    "@types/use-sync-external-store": ^0.0.3
    react-is: ^18.0.0
    use-sync-external-store: ^1.0.0
  peerDependencies:
    "@types/react": ^18.0
    "@types/react-dom": ^18.0
    react: ^18.0
    react-dom: ^18.0
    react-native: ">=0.71"
    redux: ^5.0.0-beta.0
  peerDependenciesMeta:
    "@types/react":
      optional: true
    "@types/react-dom":
      optional: true
    react-dom:
      optional: true
    react-native:
      optional: true
    redux:
      optional: true
  checksum: ee4edbf417d0f16297e8bc6d039129f915f4d9330ec160ab4135e859a8ec7f11f943cfc26a2d336ec2395c2549c7e8e6d7a4f341febd5404ed0221fb5cbfc17a
  languageName: node
  linkType: hard

"react@npm:^18.2.0":
  version: 18.2.0
  resolution: "react@npm:18.2.0"
  dependencies:
    loose-envify: ^1.1.0
  checksum: 88e38092da8839b830cda6feef2e8505dec8ace60579e46aa5490fc3dc9bba0bd50336507dc166f43e3afc1c42939c09fe33b25fae889d6f402721dcd78fca1b
  languageName: node
  linkType: hard

"redux-thunk@npm:^3.0.0-beta.0":
  version: 3.0.0-beta.0
  resolution: "redux-thunk@npm:3.0.0-beta.0"
  peerDependencies:
    redux: ^4 || ^5.0.0-beta.0
  checksum: 1609e18a9fb56ab7403d760999996b50e136fcf7411ec9d809e9a4afa4187bf0ab545652c05ffbfca2e0397e59e6baf2ae0d35631a30bf8ba20af1205e98e0fe
  languageName: node
  linkType: hard

"redux@npm:^5.0.0-beta.0":
  version: 5.0.0-beta.0
  resolution: "redux@npm:5.0.0-beta.0"
  checksum: 11df373e219f2f515ee1bda1a19a1ba5de02d8d5c874800ec353179dcd106eddd54432946fd0ab37c47f99f8fe53f820a6404c14da7f039a46022187e9469d2d
  languageName: node
  linkType: hard

"reselect@npm:^5.0.0-alpha.2":
  version: 5.0.0-alpha.2
  resolution: "reselect@npm:5.0.0-alpha.2"
  checksum: c47b66999800e1297721cbc4b2464b520fade9823c598d578759c9fba3eb6be03b184e13c20f30820cc18fe2688fc9fb4475f83e59d8f2347aa0d591e465637d
  languageName: node
  linkType: hard

"resolve-esm@npm:^1.4.0":
  version: 1.4.0
  resolution: "resolve-esm@npm:1.4.0"
  dependencies:
    callsites: ~4.0.0
  checksum: f0e1fad4c49abe41012ec9f59958d9d8d356b12c92a784765b6d69f8dccd07a609656f83a86278c76b579a953b02b893d3c3ea7c2ad2be607b15d7f0c942b8f8
  languageName: node
  linkType: hard

"scheduler@npm:^0.23.0":
  version: 0.23.0
  resolution: "scheduler@npm:0.23.0"
  dependencies:
    loose-envify: ^1.1.0
  checksum: d79192eeaa12abef860c195ea45d37cbf2bbf5f66e3c4dcd16f54a7da53b17788a70d109ee3d3dde1a0fd50e6a8fc171f4300356c5aee4fc0171de526bf35f8a
  languageName: node
  linkType: hard

"use-sync-external-store@npm:^1.0.0":
  version: 1.2.0
  resolution: "use-sync-external-store@npm:1.2.0"
  peerDependencies:
    react: ^16.8.0 || ^17.0.0 || ^18.0.0
  checksum: 5c639e0f8da3521d605f59ce5be9e094ca772bd44a4ce7322b055a6f58eeed8dda3c94cabd90c7a41fb6fa852210092008afe48f7038792fd47501f33299116a
  languageName: node
  linkType: hard
